
Microsoft Visual Studio Solution File, Format Version 12.00
# Visual Studio Version 17
VisualStudioVersion = 17.11.35327.3
MinimumVisualStudioVersion = 10.0.40219.1
Project("{FAE04EC0-301F-11D3-BF4B-00C04F79EFBC}") = "VendaDeSementes", "VendaDeSementes.csproj", "{DAFD6F52-6EA1-41FD-A710-941513A9AC52}"
EndProject
Global
	GlobalSection(SolutionConfigurationPlatforms) = preSolution
		Debug|Any CPU = Debug|Any CPU
		Release|Any CPU = Release|Any CPU
	EndGlobalSection
	GlobalSection(ProjectConfigurationPlatforms) = postSolution
		{DAFD6F52-6EA1-41FD-A710-941513A9AC52}.Debug|Any CPU.ActiveCfg = Debug|Any CPU
		{DAFD6F52-6EA1-41FD-A710-941513A9AC52}.Debug|Any CPU.Build.0 = Debug|Any CPU
		{DAFD6F52-6EA1-41FD-A710-941513A9AC52}.Release|Any CPU.ActiveCfg = Release|Any CPU
		{DAFD6F52-6EA1-41FD-A710-941513A9AC52}.Release|Any CPU.Build.0 = Release|Any CPU
	EndGlobalSection
	GlobalSection(SolutionProperties) = preSolution
		HideSolutionNode = FALSE
	EndGlobalSection
	GlobalSection(ExtensibilityGlobals) = postSolution
		SolutionGuid = {904B8455-2705-4106-9EF9-78C313BE2A4C}
	EndGlobalSection
EndGlobal
